# This file is automatically @generated by Cargo.
# It is not intended for manual editing.
version = 4

[[package]]
name = "serust"
version = "0.1.0"
dependencies = [
 "xml-rs",
]

[[package]]
name = "xml"
version = "1.0.0"
source = "registry+https://github.com/rust-lang/crates.io-index"
checksum = "72e6e0a83ae73d886ab66fc2f82b598fbbb8f373357d5f2f9f783e50e4d06435"

[[package]]
name = "xml-rs"
version = "1.0.0"
source = "registry+https://github.com/rust-lang/crates.io-index"
checksum = "c3a56132a0d6ecbe77352edc10232f788fc4ceefefff4cab784a98e0e16b6b51"
dependencies = [
 "xml",
]
